
Microsoft Visual Studio Solution File, Format Version 12.00
# Visual Studio Version 17
VisualStudioVersion = 17.14.36301.6 d17.14
MinimumVisualStudioVersion = 10.0.40219.1
Project("{FAE04EC0-301F-11D3-BF4B-00C04F79EFBC}") = "SistemaOperativo2", "SistemaOperativo2.csproj", "{FDEA903F-6E8F-48D7-9377-4943C88D5D9C}"
EndProject
Global
	GlobalSection(SolutionConfigurationPlatforms) = preSolution
		Debug|Any CPU = Debug|Any CPU
		Release|Any CPU = Release|Any CPU
	EndGlobalSection
	GlobalSection(ProjectConfigurationPlatforms) = postSolution
		{FDEA903F-6E8F-48D7-9377-4943C88D5D9C}.Debug|Any CPU.ActiveCfg = Debug|Any CPU
		{FDEA903F-6E8F-48D7-9377-4943C88D5D9C}.Debug|Any CPU.Build.0 = Debug|Any CPU
		{FDEA903F-6E8F-48D7-9377-4943C88D5D9C}.Release|Any CPU.ActiveCfg = Release|Any CPU
		{FDEA903F-6E8F-48D7-9377-4943C88D5D9C}.Release|Any CPU.Build.0 = Release|Any CPU
	EndGlobalSection
	GlobalSection(SolutionProperties) = preSolution
		HideSolutionNode = FALSE
	EndGlobalSection
	GlobalSection(ExtensibilityGlobals) = postSolution
		SolutionGuid = {9E664BF0-B52A-4404-B742-F3D5B31F9C62}
	EndGlobalSection
EndGlobal
